
Microsoft Visual Studio Solution File, Format Version 12.00
# Visual Studio Version 17
VisualStudioVersion = 17.4.33213.308
MinimumVisualStudioVersion = 10.0.40219.1
Project("{9A19103F-16F7-4668-BE54-9A1E7A4F7556}") = "COMP3602Assign06", "COMP3602Assign06\COMP3602Assign06.csproj", "{21172184-F522-44E5-9F6E-D961C13F658B}"
EndProject
Project("{FAE04EC0-301F-11D3-BF4B-00C04F79EFBC}") = "BusinessLib", "BusinessLib\BusinessLib.csproj", "{6B9092E8-F7B2-40A7-A5D3-B671EE1E49A3}"
EndProject
Global
	GlobalSection(SolutionConfigurationPlatforms) = preSolution
		Debug|Any CPU = Debug|Any CPU
		Release|Any CPU = Release|Any CPU
	EndGlobalSection
	GlobalSection(ProjectConfigurationPlatforms) = postSolution
		{21172184-F522-44E5-9F6E-D961C13F658B}.Debug|Any CPU.ActiveCfg = Debug|Any CPU
		{21172184-F522-44E5-9F6E-D961C13F658B}.Debug|Any CPU.Build.0 = Debug|Any CPU
		{21172184-F522-44E5-9F6E-D961C13F658B}.Release|Any CPU.ActiveCfg = Release|Any CPU
		{21172184-F522-44E5-9F6E-D961C13F658B}.Release|Any CPU.Build.0 = Release|Any CPU
		{6B9092E8-F7B2-40A7-A5D3-B671EE1E49A3}.Debug|Any CPU.ActiveCfg = Debug|Any CPU
		{6B9092E8-F7B2-40A7-A5D3-B671EE1E49A3}.Debug|Any CPU.Build.0 = Debug|Any CPU
		{6B9092E8-F7B2-40A7-A5D3-B671EE1E49A3}.Release|Any CPU.ActiveCfg = Release|Any CPU
		{6B9092E8-F7B2-40A7-A5D3-B671EE1E49A3}.Release|Any CPU.Build.0 = Release|Any CPU
	EndGlobalSection
	GlobalSection(SolutionProperties) = preSolution
		HideSolutionNode = FALSE
	EndGlobalSection
	GlobalSection(ExtensibilityGlobals) = postSolution
		SolutionGuid = {5FF7D0BA-1DE3-4B39-84AF-F9818A54421C}
	EndGlobalSection
EndGlobal
